
Microsoft Visual Studio Solution File, Format Version 12.00
# Visual Studio Version 17
VisualStudioVersion = 17.0.31903.59
MinimumVisualStudioVersion = 10.0.40219.1
Project("{FAE04EC0-301F-11D3-BF4B-00C04F79EFBC}") = "TodoApi", "TodoApi\TodoApi.csproj", "{9B4182BE-01D9-4440-AEE4-1579B531B8F1}"
EndProject
Project("{FAE04EC0-301F-11D3-BF4B-00C04F79EFBC}") = "TodoApi.Tests", "TodoApi.Tests\TodoApi.Tests.csproj", "{A478977D-6A6E-4990-9B9F-5F08EBE6A016}"
EndProject
Project("{FAE04EC0-301F-11D3-BF4B-00C04F79EFBC}") = "TodoApi.Data", "TodoApi.Data\TodoApi.Data.csproj", "{4F988D3C-448E-4B36-9D4D-C2D609AA9F3F}"
EndProject
Project("{FAE04EC0-301F-11D3-BF4B-00C04F79EFBC}") = "TodoApi.Services", "TodoApi.Services\TodoApi.Services.csproj", "{1C59C14E-9476-4C1B-87D0-3E21B21124D1}"
EndProject
Project("{FAE04EC0-301F-11D3-BF4B-00C04F79EFBC}") = "TodoApi.SyncServices", "TodoApi.SyncServices\TodoApi.SyncServices.csproj", "{10F6FA1E-C1A9-4902-B1D5-359F7DA3889E}"
EndProject
Project("{FAE04EC0-301F-11D3-BF4B-00C04F79EFBC}") = "TodoApi.ExternalContracts", "TodoApi.ExternalContracts\TodoApi.ExternalContracts.csproj", "{B2A2AE76-1E53-4451-AB9D-102DF3338E44}"
EndProject
Global
	GlobalSection(SolutionConfigurationPlatforms) = preSolution
		Debug|Any CPU = Debug|Any CPU
		Release|Any CPU = Release|Any CPU
	EndGlobalSection
	GlobalSection(ProjectConfigurationPlatforms) = postSolution
		{9B4182BE-01D9-4440-AEE4-1579B531B8F1}.Debug|Any CPU.ActiveCfg = Debug|Any CPU
		{9B4182BE-01D9-4440-AEE4-1579B531B8F1}.Debug|Any CPU.Build.0 = Debug|Any CPU
		{9B4182BE-01D9-4440-AEE4-1579B531B8F1}.Release|Any CPU.ActiveCfg = Release|Any CPU
		{9B4182BE-01D9-4440-AEE4-1579B531B8F1}.Release|Any CPU.Build.0 = Release|Any CPU
		{A478977D-6A6E-4990-9B9F-5F08EBE6A016}.Debug|Any CPU.ActiveCfg = Debug|Any CPU
		{A478977D-6A6E-4990-9B9F-5F08EBE6A016}.Debug|Any CPU.Build.0 = Debug|Any CPU
		{A478977D-6A6E-4990-9B9F-5F08EBE6A016}.Release|Any CPU.ActiveCfg = Release|Any CPU
		{A478977D-6A6E-4990-9B9F-5F08EBE6A016}.Release|Any CPU.Build.0 = Release|Any CPU
		{4F988D3C-448E-4B36-9D4D-C2D609AA9F3F}.Debug|Any CPU.ActiveCfg = Debug|Any CPU
		{4F988D3C-448E-4B36-9D4D-C2D609AA9F3F}.Debug|Any CPU.Build.0 = Debug|Any CPU
		{4F988D3C-448E-4B36-9D4D-C2D609AA9F3F}.Release|Any CPU.ActiveCfg = Release|Any CPU
		{4F988D3C-448E-4B36-9D4D-C2D609AA9F3F}.Release|Any CPU.Build.0 = Release|Any CPU
		{1C59C14E-9476-4C1B-87D0-3E21B21124D1}.Debug|Any CPU.ActiveCfg = Debug|Any CPU
		{1C59C14E-9476-4C1B-87D0-3E21B21124D1}.Debug|Any CPU.Build.0 = Debug|Any CPU
		{1C59C14E-9476-4C1B-87D0-3E21B21124D1}.Release|Any CPU.ActiveCfg = Release|Any CPU
		{1C59C14E-9476-4C1B-87D0-3E21B21124D1}.Release|Any CPU.Build.0 = Release|Any CPU
		{10F6FA1E-C1A9-4902-B1D5-359F7DA3889E}.Debug|Any CPU.ActiveCfg = Debug|Any CPU
		{10F6FA1E-C1A9-4902-B1D5-359F7DA3889E}.Debug|Any CPU.Build.0 = Debug|Any CPU
		{10F6FA1E-C1A9-4902-B1D5-359F7DA3889E}.Release|Any CPU.ActiveCfg = Release|Any CPU
		{10F6FA1E-C1A9-4902-B1D5-359F7DA3889E}.Release|Any CPU.Build.0 = Release|Any CPU
		{B2A2AE76-1E53-4451-AB9D-102DF3338E44}.Debug|Any CPU.ActiveCfg = Debug|Any CPU
		{B2A2AE76-1E53-4451-AB9D-102DF3338E44}.Debug|Any CPU.Build.0 = Debug|Any CPU
		{B2A2AE76-1E53-4451-AB9D-102DF3338E44}.Release|Any CPU.ActiveCfg = Release|Any CPU
		{B2A2AE76-1E53-4451-AB9D-102DF3338E44}.Release|Any CPU.Build.0 = Release|Any CPU
	EndGlobalSection
	GlobalSection(SolutionProperties) = preSolution
		HideSolutionNode = FALSE
	EndGlobalSection
	GlobalSection(ExtensibilityGlobals) = postSolution
		SolutionGuid = {7B87E940-28CE-440D-BB28-67290C775A60}
	EndGlobalSection
EndGlobal
